
Microsoft Visual Studio Solution File, Format Version 12.00
# Visual Studio Version 17
VisualStudioVersion = 17.5.002.0
MinimumVisualStudioVersion = 10.0.40219.1
Project("{9A19103F-16F7-4668-BE54-9A1E7A4F7556}") = "wyzwanie21mac", "wyzwanie21mac.csproj", "{F12D848A-BA4C-4779-9F19-BC36ABD4F91D}"
EndProject
Global
	GlobalSection(SolutionConfigurationPlatforms) = preSolution
		Debug|Any CPU = Debug|Any CPU
		Release|Any CPU = Release|Any CPU
	EndGlobalSection
	GlobalSection(ProjectConfigurationPlatforms) = postSolution
		{F12D848A-BA4C-4779-9F19-BC36ABD4F91D}.Debug|Any CPU.ActiveCfg = Debug|Any CPU
		{F12D848A-BA4C-4779-9F19-BC36ABD4F91D}.Debug|Any CPU.Build.0 = Debug|Any CPU
		{F12D848A-BA4C-4779-9F19-BC36ABD4F91D}.Release|Any CPU.ActiveCfg = Release|Any CPU
		{F12D848A-BA4C-4779-9F19-BC36ABD4F91D}.Release|Any CPU.Build.0 = Release|Any CPU
	EndGlobalSection
	GlobalSection(SolutionProperties) = preSolution
		HideSolutionNode = FALSE
	EndGlobalSection
	GlobalSection(ExtensibilityGlobals) = postSolution
		SolutionGuid = {5E2B3763-042C-48F7-AAFB-1CEDEDB221D1}
	EndGlobalSection
EndGlobal
